
Microsoft Visual Studio Solution File, Format Version 12.00
# Visual Studio Version 16
VisualStudioVersion = 16.0.30914.41
MinimumVisualStudioVersion = 10.0.40219.1
Project("{9A19103F-16F7-4668-BE54-9A1E7A4F7556}") = "MakroBoard", "MakroBoard\MakroBoard.csproj", "{19D0305E-163E-4B81-B6DC-5A62E1D84775}"
	ProjectSection(ProjectDependencies) = postProject
		{5138F21D-04A2-4BF8-AA48-9C48E120DC37} = {5138F21D-04A2-4BF8-AA48-9C48E120DC37}
		{6E9B8298-332C-4A0A-B2FE-4D56D0F2BD72} = {6E9B8298-332C-4A0A-B2FE-4D56D0F2BD72}
		{4DAA6DA6-0ECD-4078-964E-0DDCC1C10407} = {4DAA6DA6-0ECD-4078-964E-0DDCC1C10407}
		{A23EEEAF-9920-45C0-BC54-DFC65B64EDE9} = {A23EEEAF-9920-45C0-BC54-DFC65B64EDE9}
	EndProjectSection
EndProject
Project("{9A19103F-16F7-4668-BE54-9A1E7A4F7556}") = "MakroBoard.Data", "MakroBoard.Data\MakroBoard.Data.csproj", "{41D0DE2C-B386-4FB2-BF83-3A5BC6610A6C}"
EndProject
Project("{9A19103F-16F7-4668-BE54-9A1E7A4F7556}") = "MakroBoard.PluginContract", "MakroBoard.PluginContract\MakroBoard.PluginContract.csproj", "{7B8BB9D5-186D-4872-83A1-C6A2BA6670B8}"
EndProject
Project("{9A19103F-16F7-4668-BE54-9A1E7A4F7556}") = "MakroBoard.Plugin.Keyboard", "MakroBoard.Plugin.Keyboard\MakroBoard.Plugin.Keyboard.csproj", "{6E9B8298-332C-4A0A-B2FE-4D56D0F2BD72}"
EndProject
Project("{2150E333-8FDC-42A3-9474-1A3956D46DE8}") = "Solution Items", "Solution Items", "{1473567E-E8AB-4B3B-AF12-A5F8F1D705DD}"
	ProjectSection(SolutionItems) = preProject
		README.md = README.md
	EndProjectSection
EndProject
Project("{9A19103F-16F7-4668-BE54-9A1E7A4F7556}") = "MakroBoard.Plugin.ShellExecute", "MakroBoard.Plugin.ShellExecute\MakroBoard.Plugin.ShellExecute.csproj", "{A23EEEAF-9920-45C0-BC54-DFC65B64EDE9}"
EndProject
Project("{930C7802-8A8C-48F9-8165-68863BCCD9DD}") = "MakroBoard.Setup", "MakroBoard.Setup\MakroBoard.Setup.wixproj", "{3CE0A329-0E7F-4FF8-B3D5-C3621ED861F1}"
EndProject
Project("{9A19103F-16F7-4668-BE54-9A1E7A4F7556}") = "MakroBoard.Plugin", "MakroBoard.Plugin\MakroBoard.Plugin.csproj", "{CFD64CFA-F0D0-49AF-A3EF-2FA50B00AF8A}"
EndProject
Project("{9A19103F-16F7-4668-BE54-9A1E7A4F7556}") = "MakroBoard.Plugin.Clock", "MakroBoard.Plugin.Clock\MakroBoard.Plugin.Clock.csproj", "{5138F21D-04A2-4BF8-AA48-9C48E120DC37}"
EndProject
Project("{9A19103F-16F7-4668-BE54-9A1E7A4F7556}") = "MakroBoard.Plugin.SystemInfo", "MakroBoard.Plugin.SystemInfo\MakroBoard.Plugin.SystemInfo.csproj", "{4DAA6DA6-0ECD-4078-964E-0DDCC1C10407}"
EndProject
Project("{930C7802-8A8C-48F9-8165-68863BCCD9DD}") = "MakroBoardClient.Setup", "MakroBoardClient.Setup\MakroBoardClient.Setup.wixproj", "{DC2E2C17-BDAA-4239-8118-38CFE038EBA9}"
EndProject
Global
	GlobalSection(SolutionConfigurationPlatforms) = preSolution
		Debug|Any CPU = Debug|Any CPU
		Debug|x86 = Debug|x86
		Release|Any CPU = Release|Any CPU
		Release|x86 = Release|x86
	EndGlobalSection
	GlobalSection(ProjectConfigurationPlatforms) = postSolution
		{19D0305E-163E-4B81-B6DC-5A62E1D84775}.Debug|Any CPU.ActiveCfg = Debug|Any CPU
		{19D0305E-163E-4B81-B6DC-5A62E1D84775}.Debug|Any CPU.Build.0 = Debug|Any CPU
		{19D0305E-163E-4B81-B6DC-5A62E1D84775}.Debug|x86.ActiveCfg = Debug|Any CPU
		{19D0305E-163E-4B81-B6DC-5A62E1D84775}.Debug|x86.Build.0 = Debug|Any CPU
		{19D0305E-163E-4B81-B6DC-5A62E1D84775}.Release|Any CPU.ActiveCfg = Release|Any CPU
		{19D0305E-163E-4B81-B6DC-5A62E1D84775}.Release|Any CPU.Build.0 = Release|Any CPU
		{19D0305E-163E-4B81-B6DC-5A62E1D84775}.Release|x86.ActiveCfg = Release|Any CPU
		{19D0305E-163E-4B81-B6DC-5A62E1D84775}.Release|x86.Build.0 = Release|Any CPU
		{41D0DE2C-B386-4FB2-BF83-3A5BC6610A6C}.Debug|Any CPU.ActiveCfg = Debug|Any CPU
		{41D0DE2C-B386-4FB2-BF83-3A5BC6610A6C}.Debug|Any CPU.Build.0 = Debug|Any CPU
		{41D0DE2C-B386-4FB2-BF83-3A5BC6610A6C}.Debug|x86.ActiveCfg = Debug|Any CPU
		{41D0DE2C-B386-4FB2-BF83-3A5BC6610A6C}.Debug|x86.Build.0 = Debug|Any CPU
		{41D0DE2C-B386-4FB2-BF83-3A5BC6610A6C}.Release|Any CPU.ActiveCfg = Release|Any CPU
		{41D0DE2C-B386-4FB2-BF83-3A5BC6610A6C}.Release|Any CPU.Build.0 = Release|Any CPU
		{41D0DE2C-B386-4FB2-BF83-3A5BC6610A6C}.Release|x86.ActiveCfg = Release|Any CPU
		{41D0DE2C-B386-4FB2-BF83-3A5BC6610A6C}.Release|x86.Build.0 = Release|Any CPU
		{7B8BB9D5-186D-4872-83A1-C6A2BA6670B8}.Debug|Any CPU.ActiveCfg = Debug|Any CPU
		{7B8BB9D5-186D-4872-83A1-C6A2BA6670B8}.Debug|Any CPU.Build.0 = Debug|Any CPU
		{7B8BB9D5-186D-4872-83A1-C6A2BA6670B8}.Debug|x86.ActiveCfg = Debug|Any CPU
		{7B8BB9D5-186D-4872-83A1-C6A2BA6670B8}.Debug|x86.Build.0 = Debug|Any CPU
		{7B8BB9D5-186D-4872-83A1-C6A2BA6670B8}.Release|Any CPU.ActiveCfg = Release|Any CPU
		{7B8BB9D5-186D-4872-83A1-C6A2BA6670B8}.Release|Any CPU.Build.0 = Release|Any CPU
		{7B8BB9D5-186D-4872-83A1-C6A2BA6670B8}.Release|x86.ActiveCfg = Release|Any CPU
		{7B8BB9D5-186D-4872-83A1-C6A2BA6670B8}.Release|x86.Build.0 = Release|Any CPU
		{6E9B8298-332C-4A0A-B2FE-4D56D0F2BD72}.Debug|Any CPU.ActiveCfg = Debug|Any CPU
		{6E9B8298-332C-4A0A-B2FE-4D56D0F2BD72}.Debug|Any CPU.Build.0 = Debug|Any CPU
		{6E9B8298-332C-4A0A-B2FE-4D56D0F2BD72}.Debug|x86.ActiveCfg = Debug|Any CPU
		{6E9B8298-332C-4A0A-B2FE-4D56D0F2BD72}.Debug|x86.Build.0 = Debug|Any CPU
		{6E9B8298-332C-4A0A-B2FE-4D56D0F2BD72}.Release|Any CPU.ActiveCfg = Release|Any CPU
		{6E9B8298-332C-4A0A-B2FE-4D56D0F2BD72}.Release|Any CPU.Build.0 = Release|Any CPU
		{6E9B8298-332C-4A0A-B2FE-4D56D0F2BD72}.Release|x86.ActiveCfg = Release|Any CPU
		{6E9B8298-332C-4A0A-B2FE-4D56D0F2BD72}.Release|x86.Build.0 = Release|Any CPU
		{A23EEEAF-9920-45C0-BC54-DFC65B64EDE9}.Debug|Any CPU.ActiveCfg = Debug|Any CPU
		{A23EEEAF-9920-45C0-BC54-DFC65B64EDE9}.Debug|Any CPU.Build.0 = Debug|Any CPU
		{A23EEEAF-9920-45C0-BC54-DFC65B64EDE9}.Debug|x86.ActiveCfg = Debug|Any CPU
		{A23EEEAF-9920-45C0-BC54-DFC65B64EDE9}.Debug|x86.Build.0 = Debug|Any CPU
		{A23EEEAF-9920-45C0-BC54-DFC65B64EDE9}.Release|Any CPU.ActiveCfg = Release|Any CPU
		{A23EEEAF-9920-45C0-BC54-DFC65B64EDE9}.Release|Any CPU.Build.0 = Release|Any CPU
		{A23EEEAF-9920-45C0-BC54-DFC65B64EDE9}.Release|x86.ActiveCfg = Release|Any CPU
		{A23EEEAF-9920-45C0-BC54-DFC65B64EDE9}.Release|x86.Build.0 = Release|Any CPU
		{3CE0A329-0E7F-4FF8-B3D5-C3621ED861F1}.Debug|Any CPU.ActiveCfg = Debug|x86
		{3CE0A329-0E7F-4FF8-B3D5-C3621ED861F1}.Debug|x86.ActiveCfg = Debug|x86
		{3CE0A329-0E7F-4FF8-B3D5-C3621ED861F1}.Release|Any CPU.ActiveCfg = Release|x86
		{3CE0A329-0E7F-4FF8-B3D5-C3621ED861F1}.Release|x86.ActiveCfg = Release|x86
		{CFD64CFA-F0D0-49AF-A3EF-2FA50B00AF8A}.Debug|Any CPU.ActiveCfg = Debug|Any CPU
		{CFD64CFA-F0D0-49AF-A3EF-2FA50B00AF8A}.Debug|Any CPU.Build.0 = Debug|Any CPU
		{CFD64CFA-F0D0-49AF-A3EF-2FA50B00AF8A}.Debug|x86.ActiveCfg = Debug|Any CPU
		{CFD64CFA-F0D0-49AF-A3EF-2FA50B00AF8A}.Debug|x86.Build.0 = Debug|Any CPU
		{CFD64CFA-F0D0-49AF-A3EF-2FA50B00AF8A}.Release|Any CPU.ActiveCfg = Release|Any CPU
		{CFD64CFA-F0D0-49AF-A3EF-2FA50B00AF8A}.Release|Any CPU.Build.0 = Release|Any CPU
		{CFD64CFA-F0D0-49AF-A3EF-2FA50B00AF8A}.Release|x86.ActiveCfg = Release|Any CPU
		{CFD64CFA-F0D0-49AF-A3EF-2FA50B00AF8A}.Release|x86.Build.0 = Release|Any CPU
		{5138F21D-04A2-4BF8-AA48-9C48E120DC37}.Debug|Any CPU.ActiveCfg = Debug|Any CPU
		{5138F21D-04A2-4BF8-AA48-9C48E120DC37}.Debug|Any CPU.Build.0 = Debug|Any CPU
		{5138F21D-04A2-4BF8-AA48-9C48E120DC37}.Debug|x86.ActiveCfg = Debug|Any CPU
		{5138F21D-04A2-4BF8-AA48-9C48E120DC37}.Debug|x86.Build.0 = Debug|Any CPU
		{5138F21D-04A2-4BF8-AA48-9C48E120DC37}.Release|Any CPU.ActiveCfg = Release|Any CPU
		{5138F21D-04A2-4BF8-AA48-9C48E120DC37}.Release|Any CPU.Build.0 = Release|Any CPU
		{5138F21D-04A2-4BF8-AA48-9C48E120DC37}.Release|x86.ActiveCfg = Release|Any CPU
		{5138F21D-04A2-4BF8-AA48-9C48E120DC37}.Release|x86.Build.0 = Release|Any CPU
		{4DAA6DA6-0ECD-4078-964E-0DDCC1C10407}.Debug|Any CPU.ActiveCfg = Debug|Any CPU
		{4DAA6DA6-0ECD-4078-964E-0DDCC1C10407}.Debug|Any CPU.Build.0 = Debug|Any CPU
		{4DAA6DA6-0ECD-4078-964E-0DDCC1C10407}.Debug|x86.ActiveCfg = Debug|Any CPU
		{4DAA6DA6-0ECD-4078-964E-0DDCC1C10407}.Debug|x86.Build.0 = Debug|Any CPU
		{4DAA6DA6-0ECD-4078-964E-0DDCC1C10407}.Release|Any CPU.ActiveCfg = Release|Any CPU
		{4DAA6DA6-0ECD-4078-964E-0DDCC1C10407}.Release|Any CPU.Build.0 = Release|Any CPU
		{4DAA6DA6-0ECD-4078-964E-0DDCC1C10407}.Release|x86.ActiveCfg = Release|Any CPU
		{4DAA6DA6-0ECD-4078-964E-0DDCC1C10407}.Release|x86.Build.0 = Release|Any CPU
		{DC2E2C17-BDAA-4239-8118-38CFE038EBA9}.Debug|Any CPU.ActiveCfg = Debug|x86
		{DC2E2C17-BDAA-4239-8118-38CFE038EBA9}.Debug|x86.ActiveCfg = Debug|x86
		{DC2E2C17-BDAA-4239-8118-38CFE038EBA9}.Release|Any CPU.ActiveCfg = Release|x86
		{DC2E2C17-BDAA-4239-8118-38CFE038EBA9}.Release|x86.ActiveCfg = Release|x86
	EndGlobalSection
	GlobalSection(SolutionProperties) = preSolution
		HideSolutionNode = FALSE
	EndGlobalSection
	GlobalSection(ExtensibilityGlobals) = postSolution
		SolutionGuid = {23386371-83A7-46D0-9C29-3C4A48B3C23A}
	EndGlobalSection
EndGlobal
